{
	"name": "tic-tac-toe-new",
	"version": "1.0.0",
	"lockfileVersion": 3,
	"requires": true,
	"packages": {
		"": {
			"name": "tic-tac-toe-new",
			"version": "1.0.0",
			"license": "ISC",
			"dependencies": {
				"tic-tac-toe-new": "file:"
			},
			"devDependencies": {}
		},
		"node_modules/tic-tac-toe-new": {
			"resolved": "",
			"link": true
		}
	}
}
